
Microsoft Visual Studio Solution File, Format Version 12.00
# Visual Studio Version 17
VisualStudioVersion = 17.9.34728.123
MinimumVisualStudioVersion = 10.0.40219.1
Project("{2150E333-8FDC-42A3-9474-1A3956D46DE8}") = "eshop", "eshop", "{66DF59A9-AABD-4552-9521-0D650916DC4F}"
EndProject
Project("{2150E333-8FDC-42A3-9474-1A3956D46DE8}") = "src", "src", "{5746CCC8-F01F-4FFA-85EE-E89E34DC9F49}"
EndProject
Project("{FAE04EC0-301F-11D3-BF4B-00C04F79EFBC}") = "Domain", "eshop\src\Domain\Domain.csproj", "{41F06736-6FA9-421F-9538-6539EB96F790}"
EndProject
Global
	GlobalSection(SolutionConfigurationPlatforms) = preSolution
		Debug|Any CPU = Debug|Any CPU
		Release|Any CPU = Release|Any CPU
	EndGlobalSection
	GlobalSection(ProjectConfigurationPlatforms) = postSolution
		{41F06736-6FA9-421F-9538-6539EB96F790}.Debug|Any CPU.ActiveCfg = Debug|Any CPU
		{41F06736-6FA9-421F-9538-6539EB96F790}.Debug|Any CPU.Build.0 = Debug|Any CPU
		{41F06736-6FA9-421F-9538-6539EB96F790}.Release|Any CPU.ActiveCfg = Release|Any CPU
		{41F06736-6FA9-421F-9538-6539EB96F790}.Release|Any CPU.Build.0 = Release|Any CPU
	EndGlobalSection
	GlobalSection(SolutionProperties) = preSolution
		HideSolutionNode = FALSE
	EndGlobalSection
	GlobalSection(NestedProjects) = preSolution
		{5746CCC8-F01F-4FFA-85EE-E89E34DC9F49} = {66DF59A9-AABD-4552-9521-0D650916DC4F}
		{41F06736-6FA9-421F-9538-6539EB96F790} = {5746CCC8-F01F-4FFA-85EE-E89E34DC9F49}
	EndGlobalSection
	GlobalSection(ExtensibilityGlobals) = postSolution
		SolutionGuid = {7FCAA62A-132A-4351-BD48-3AD9674E6C71}
	EndGlobalSection
EndGlobal
